# 引擎/卡池版本锁定（D4：每次训练 run 强制引用本文件的拷贝）
# 迁移到新卡池 = 复制为 engine.lock.vN 并开新 run，旧 run 用旧 lock 可重放。
# 本文件记入每个 run 的元数据（common/lock.py:runtime_metadata）。
[engine]
repo = "https://github.com/piovium/genius-invokation"
# refs/genius-invokation @ 2026-10-07
commit = "6f01d5c1c1cee1791d6b9b3bfff5312208ce0a21"
pybinding_version = "0.21.0"

[cards]
# 卡池数据版本：assets API `/api/v4/data/latest/CHS/all`，缓存于 data/assets/（不入库）
data_version = "v4-latest-CHS@2026-10-07"
pool_note = "跟随最新卡池；升级按大版本显式迁移，不追中间小版本"

[reference]
# 脚本对手/表示层蓝本（只读 refs，见 NOTICE.md）
rebel_base_rl_commit = "b211b031cbfaa1117a60290b32c102fa166a9517"

[runtime]
python = "3.12"
platform = "linux"
# 重放确定性：牌堆由 Python 侧按种子预洗并 NO_SHUFFLE=1（见 envs/match.py、NOTICE.md）
shuffle = "python_seeded_no_shuffle"
